// !$*UTF8*$!
{
	archiveVersion = 1;
	classes = {
	};
	objectVersion = 46;
	objects = {

/* Begin PBXBuildFile section */
		1B749AB91C96582D006119A4 /* main.cpp in Sources */ = {isa = PBXBuildFile; fileRef = 1B749AB81C96582D006119A4 /* main.cpp */; };
		1B749AC11C96583E006119A4 /* GLUT.framework in Frameworks */ = {isa = PBXBuildFile; fileRef = 1B749ABF1C96583E006119A4 /* GLUT.framework */; };
		1B749AC21C96583E006119A4 /* OpenGL.framework in Frameworks */ = {isa = PBXBuildFile; fileRef = 1B749AC01C96583E006119A4 /* OpenGL.framework */; };
		1B749ACE1C96584E006119A4 /* glm_util.c in Sources */ = {isa = PBXBuildFile; fileRef = 1B749AC31C96584E006119A4 /* glm_util.c */; };
		1B749ACF1C96584E006119A4 /* glm.c in Sources */ = {isa = PBXBuildFile; fileRef = 1B749AC41C96584E006119A4 /* glm.c */; };
		1B749AD01C96584E006119A4 /* glmimg_devil.c in Sources */ = {isa = PBXBuildFile; fileRef = 1B749AC61C96584E006119A4 /* glmimg_devil.c */; };
		1B749AD11C96584E006119A4 /* glmimg_jpg.c in Sources */ = {isa = PBXBuildFile; fileRef = 1B749AC71C96584E006119A4 /* glmimg_jpg.c */; };
		1B749AD21C96584E006119A4 /* glmimg_png.c in Sources */ = {isa = PBXBuildFile; fileRef = 1B749AC81C96584E006119A4 /* glmimg_png.c */; };
		1B749AD31C96584E006119A4 /* glmimg_sdl.c in Sources */ = {isa = PBXBuildFile; fileRef = 1B749AC91C96584E006119A4 /* glmimg_sdl.c */; };
		1B749AD41C96584E006119A4 /* glmimg_sim.c in Sources */ = {isa = PBXBuildFile; fileRef = 1B749ACA1C96584E006119A4 /* glmimg_sim.c */; };
		1B749AD51C96584E006119A4 /* glmimg.c in Sources */ = {isa = PBXBuildFile; fileRef = 1B749ACB1C96584E006119A4 /* glmimg.c */; };
/* End PBXBuildFile section */

/* Begin PBXCopyFilesBuildPhase section */
		1B749AB31C96582D006119A4 /* CopyFiles */ = {
			isa = PBXCopyFilesBuildPhase;
			buildActionMask = 2147483647;
			dstPath = /usr/share/man/man1/;
			dstSubfolderSpec = 0;
			files = (
			);
			runOnlyForDeploymentPostprocessing = 1;
		};
/* End PBXCopyFilesBuildPhase section */

/* Begin PBXFileReference section */
		1B749AB51C96582D006119A4 /* AventuraPrueba */ = {isa = PBXFileReference; explicitFileType = "compiled.mach-o.executable"; includeInIndex = 0; path = AventuraPrueba; sourceTree = BUILT_PRODUCTS_DIR; };
		1B749AB81C96582D006119A4 /* main.cpp */ = {isa = PBXFileReference; lastKnownFileType = sourcecode.cpp.cpp; path = main.cpp; sourceTree = "<group>"; };
		1B749ABF1C96583E006119A4 /* GLUT.framework */ = {isa = PBXFileReference; lastKnownFileType = wrapper.framework; name = GLUT.framework; path = System/Library/Frameworks/GLUT.framework; sourceTree = SDKROOT; };
		1B749AC01C96583E006119A4 /* OpenGL.framework */ = {isa = PBXFileReference; lastKnownFileType = wrapper.framework; name = OpenGL.framework; path = System/Library/Frameworks/OpenGL.framework; sourceTree = SDKROOT; };
		1B749AC31C96584E006119A4 /* glm_util.c */ = {isa = PBXFileReference; fileEncoding = 4; lastKnownFileType = sourcecode.c.c; path = glm_util.c; sourceTree = "<group>"; };
		1B749AC41C96584E006119A4 /* glm.c */ = {isa = PBXFileReference; fileEncoding = 4; lastKnownFileType = sourcecode.c.c; path = glm.c; sourceTree = "<group>"; };
		1B749AC51C96584E006119A4 /* glm.h */ = {isa = PBXFileReference; fileEncoding = 4; lastKnownFileType = sourcecode.c.h; path = glm.h; sourceTree = "<group>"; };
		1B749AC61C96584E006119A4 /* glmimg_devil.c */ = {isa = PBXFileReference; fileEncoding = 4; lastKnownFileType = sourcecode.c.c; path = glmimg_devil.c; sourceTree = "<group>"; };
		1B749AC71C96584E006119A4 /* glmimg_jpg.c */ = {isa = PBXFileReference; fileEncoding = 4; lastKnownFileType = sourcecode.c.c; path = glmimg_jpg.c; sourceTree = "<group>"; };
		1B749AC81C96584E006119A4 /* glmimg_png.c */ = {isa = PBXFileReference; fileEncoding = 4; lastKnownFileType = sourcecode.c.c; path = glmimg_png.c; sourceTree = "<group>"; };
		1B749AC91C96584E006119A4 /* glmimg_sdl.c */ = {isa = PBXFileReference; fileEncoding = 4; lastKnownFileType = sourcecode.c.c; path = glmimg_sdl.c; sourceTree = "<group>"; };
		1B749ACA1C96584E006119A4 /* glmimg_sim.c */ = {isa = PBXFileReference; fileEncoding = 4; lastKnownFileType = sourcecode.c.c; path = glmimg_sim.c; sourceTree = "<group>"; };
		1B749ACB1C96584E006119A4 /* glmimg.c */ = {isa = PBXFileReference; fileEncoding = 4; lastKnownFileType = sourcecode.c.c; path = glmimg.c; sourceTree = "<group>"; };
		1B749ACC1C96584E006119A4 /* glmint.h */ = {isa = PBXFileReference; fileEncoding = 4; lastKnownFileType = sourcecode.c.h; path = glmint.h; sourceTree = "<group>"; };
		1B749ACD1C96584E006119A4 /* imageloader.h */ = {isa = PBXFileReference; fileEncoding = 4; lastKnownFileType = sourcecode.c.h; path = imageloader.h; sourceTree = "<group>"; };
		1B749AD71C96586A006119A4 /* SpaceShip.mtl */ = {isa = PBXFileReference; lastKnownFileType = text; path = SpaceShip.mtl; sourceTree = "<group>"; };
		1B749AD81C96586A006119A4 /* SpaceShip.obj */ = {isa = PBXFileReference; lastKnownFileType = text; path = SpaceShip.obj; sourceTree = "<group>"; };
		1B749AE81C966208006119A4 /* starwarsShip.mtl */ = {isa = PBXFileReference; lastKnownFileType = text; path = starwarsShip.mtl; sourceTree = "<group>"; };
		1B749AEA1C96625F006119A4 /* starwarsShip.obj */ = {isa = PBXFileReference; lastKnownFileType = text; path = starwarsShip.obj; sourceTree = "<group>"; };
/* End PBXFileReference section */

/* Begin PBXFrameworksBuildPhase section */
		1B749AB21C96582D006119A4 /* Frameworks */ = {
			isa = PBXFrameworksBuildPhase;
			buildActionMask = 2147483647;
			files = (
				1B749AC11C96583E006119A4 /* GLUT.framework in Frameworks */,
				1B749AC21C96583E006119A4 /* OpenGL.framework in Frameworks */,
			);
			runOnlyForDeploymentPostprocessing = 0;
		};
/* End PBXFrameworksBuildPhase section */

/* Begin PBXGroup section */
		1B749AAC1C96582D006119A4 = {
			isa = PBXGroup;
			children = (
				1B749ABF1C96583E006119A4 /* GLUT.framework */,
				1B749AC01C96583E006119A4 /* OpenGL.framework */,
				1B749AB71C96582D006119A4 /* AventuraPrueba */,
				1B749AB61C96582D006119A4 /* Products */,
			);
			sourceTree = "<group>";
		};
		1B749AB61C96582D006119A4 /* Products */ = {
			isa = PBXGroup;
			children = (
				1B749AB51C96582D006119A4 /* AventuraPrueba */,
			);
			name = Products;
			sourceTree = "<group>";
		};
		1B749AB71C96582D006119A4 /* AventuraPrueba */ = {
			isa = PBXGroup;
			children = (
				1B749AC31C96584E006119A4 /* glm_util.c */,
				1B749AC41C96584E006119A4 /* glm.c */,
				1B749AC51C96584E006119A4 /* glm.h */,
				1B749AC61C96584E006119A4 /* glmimg_devil.c */,
				1B749AC71C96584E006119A4 /* glmimg_jpg.c */,
				1B749AC81C96584E006119A4 /* glmimg_png.c */,
				1B749AC91C96584E006119A4 /* glmimg_sdl.c */,
				1B749ACA1C96584E006119A4 /* glmimg_sim.c */,
				1B749ACB1C96584E006119A4 /* glmimg.c */,
				1B749ACC1C96584E006119A4 /* glmint.h */,
				1B749ACD1C96584E006119A4 /* imageloader.h */,
				1B749AB81C96582D006119A4 /* main.cpp */,
				1B749AD61C965851006119A4 /* Imagenes */,
			);
			path = AventuraPrueba;
			sourceTree = "<group>";
		};
		1B749AD61C965851006119A4 /* Imagenes */ = {
			isa = PBXGroup;
			children = (
				1B749AE81C966208006119A4 /* starwarsShip.mtl */,
				1B749AEA1C96625F006119A4 /* starwarsShip.obj */,
				1B749AD71C96586A006119A4 /* SpaceShip.mtl */,
				1B749AD81C96586A006119A4 /* SpaceShip.obj */,
			);
			name = Imagenes;
			sourceTree = "<group>";
		};
/* End PBXGroup section */

/* Begin PBXNativeTarget section */
		1B749AB41C96582D006119A4 /* AventuraPrueba */ = {
			isa = PBXNativeTarget;
			buildConfigurationList = 1B749ABC1C96582D006119A4 /* Build configuration list for PBXNativeTarget "AventuraPrueba" */;
			buildPhases = (
				1B749AB11C96582D006119A4 /* Sources */,
				1B749AB21C96582D006119A4 /* Frameworks */,
				1B749AB31C96582D006119A4 /* CopyFiles */,
			);
			buildRules = (
			);
			dependencies = (
			);
			name = AventuraPrueba;
			productName = AventuraPrueba;
			productReference = 1B749AB51C96582D006119A4 /* AventuraPrueba */;
			productType = "com.apple.product-type.tool";
		};
/* End PBXNativeTarget section */

/* Begin PBXProject section */
		1B749AAD1C96582D006119A4 /* Project object */ = {
			isa = PBXProject;
			attributes = {
				LastUpgradeCheck = 0710;
				ORGANIZATIONNAME = Enrique;
				TargetAttributes = {
					1B749AB41C96582D006119A4 = {
						CreatedOnToolsVersion = 7.1.1;
					};
				};
			};
			buildConfigurationList = 1B749AB01C96582D006119A4 /* Build configuration list for PBXProject "AventuraPrueba" */;
			compatibilityVersion = "Xcode 3.2";
			developmentRegion = English;
			hasScannedForEncodings = 0;
			knownRegions = (
				en,
			);
			mainGroup = 1B749AAC1C96582D006119A4;
			productRefGroup = 1B749AB61C96582D006119A4 /* Products */;
			projectDirPath = "";
			projectRoot = "";
			targets = (
				1B749AB41C96582D006119A4 /* AventuraPrueba */,
			);
		};
/* End PBXProject section */

/* Begin PBXSourcesBuildPhase section */
		1B749AB11C96582D006119A4 /* Sources */ = {
			isa = PBXSourcesBuildPhase;
			buildActionMask = 2147483647;
			files = (
				1B749ACF1C96584E006119A4 /* glm.c in Sources */,
				1B749ACE1C96584E006119A4 /* glm_util.c in Sources */,
				1B749AD51C96584E006119A4 /* glmimg.c in Sources */,
				1B749AD41C96584E006119A4 /* glmimg_sim.c in Sources */,
				1B749AD21C96584E006119A4 /* glmimg_png.c in Sources */,
				1B749AB91C96582D006119A4 /* main.cpp in Sources */,
				1B749AD31C96584E006119A4 /* glmimg_sdl.c in Sources */,
				1B749AD11C96584E006119A4 /* glmimg_jpg.c in Sources */,
				1B749AD01C96584E006119A4 /* glmimg_devil.c in Sources */,
			);
			runOnlyForDeploymentPostprocessing = 0;
		};
/* End PBXSourcesBuildPhase section */

/* Begin XCBuildConfiguration section */
		1B749ABA1C96582D006119A4 /* Debug */ = {
			isa = XCBuildConfiguration;
			buildSettings = {
				ALWAYS_SEARCH_USER_PATHS = NO;
				CLANG_CXX_LANGUAGE_STANDARD = "gnu++0x";
				CLANG_CXX_LIBRARY = "libc++";
				CLANG_ENABLE_MODULES = YES;
				CLANG_ENABLE_OBJC_ARC = YES;
				CLANG_WARN_BOOL_CONVERSION = YES;
				CLANG_WARN_CONSTANT_CONVERSION = YES;
				CLANG_WARN_DIRECT_OBJC_ISA_USAGE = YES_ERROR;
				CLANG_WARN_EMPTY_BODY = YES;
				CLANG_WARN_ENUM_CONVERSION = YES;
				CLANG_WARN_INT_CONVERSION = YES;
				CLANG_WARN_OBJC_ROOT_CLASS = YES_ERROR;
				CLANG_WARN_UNREACHABLE_CODE = YES;
				CLANG_WARN__DUPLICATE_METHOD_MATCH = YES;
				CODE_SIGN_IDENTITY = "-";
				COPY_PHASE_STRIP = NO;
				DEBUG_INFORMATION_FORMAT = dwarf;
				ENABLE_STRICT_OBJC_MSGSEND = YES;
				ENABLE_TESTABILITY = YES;
				GCC_C_LANGUAGE_STANDARD = gnu99;
				GCC_DYNAMIC_NO_PIC = NO;
				GCC_NO_COMMON_BLOCKS = YES;
				GCC_OPTIMIZATION_LEVEL = 0;
				GCC_PREPROCESSOR_DEFINITIONS = (
					"DEBUG=1",
					"$(inherited)",
				);
				GCC_WARN_64_TO_32_BIT_CONVERSION = YES;
				GCC_WARN_ABOUT_RETURN_TYPE = YES_ERROR;
				GCC_WARN_UNDECLARED_SELECTOR = YES;
				GCC_WARN_UNINITIALIZED_AUTOS = YES_AGGRESSIVE;
				GCC_WARN_UNUSED_FUNCTION = YES;
				GCC_WARN_UNUSED_VARIABLE = YES;
				MACOSX_DEPLOYMENT_TARGET = 10.11;
				MTL_ENABLE_DEBUG_INFO = YES;
				ONLY_ACTIVE_ARCH = YES;
				SDKROOT = macosx;
			};
			name = Debug;
		};
		1B749ABB1C96582D006119A4 /* Release */ = {
			isa = XCBuildConfiguration;
			buildSettings = {
				ALWAYS_SEARCH_USER_PATHS = NO;
				CLANG_CXX_LANGUAGE_STANDARD = "gnu++0x";
				CLANG_CXX_LIBRARY = "libc++";
				CLANG_ENABLE_MODULES = YES;
				CLANG_ENABLE_OBJC_ARC = YES;
				CLANG_WARN_BOOL_CONVERSION = YES;
				CLANG_WARN_CONSTANT_CONVERSION = YES;
				CLANG_WARN_DIRECT_OBJC_ISA_USAGE = YES_ERROR;
				CLANG_WARN_EMPTY_BODY = YES;
				CLANG_WARN_ENUM_CONVERSION = YES;
				CLANG_WARN_INT_CONVERSION = YES;
				CLANG_WARN_OBJC_ROOT_CLASS = YES_ERROR;
				CLANG_WARN_UNREACHABLE_CODE = YES;
				CLANG_WARN__DUPLICATE_METHOD_MATCH = YES;
				CODE_SIGN_IDENTITY = "-";
				COPY_PHASE_STRIP = NO;
				DEBUG_INFORMATION_FORMAT = "dwarf-with-dsym";
				ENABLE_NS_ASSERTIONS = NO;
				ENABLE_STRICT_OBJC_MSGSEND = YES;
				GCC_C_LANGUAGE_STANDARD = gnu99;
				GCC_NO_COMMON_BLOCKS = YES;
				GCC_WARN_64_TO_32_BIT_CONVERSION = YES;
				GCC_WARN_ABOUT_RETURN_TYPE = YES_ERROR;
				GCC_WARN_UNDECLARED_SELECTOR = YES;
				GCC_WARN_UNINITIALIZED_AUTOS = YES_AGGRESSIVE;
				GCC_WARN_UNUSED_FUNCTION = YES;
				GCC_WARN_UNUSED_VARIABLE = YES;
				MACOSX_DEPLOYMENT_TARGET = 10.11;
				MTL_ENABLE_DEBUG_INFO = NO;
				SDKROOT = macosx;
			};
			name = Release;
		};
		1B749ABD1C96582D006119A4 /* Debug */ = {
			isa = XCBuildConfiguration;
			buildSettings = {
				PRODUCT_NAME = "$(TARGET_NAME)";
			};
			name = Debug;
		};
		1B749ABE1C96582D006119A4 /* Release */ = {
			isa = XCBuildConfiguration;
			buildSettings = {
				PRODUCT_NAME = "$(TARGET_NAME)";
			};
			name = Release;
		};
/* End XCBuildConfiguration section */

/* Begin XCConfigurationList section */
		1B749AB01C96582D006119A4 /* Build configuration list for PBXProject "AventuraPrueba" */ = {
			isa = XCConfigurationList;
			buildConfigurations = (
				1B749ABA1C96582D006119A4 /* Debug */,
				1B749ABB1C96582D006119A4 /* Release */,
			);
			defaultConfigurationIsVisible = 0;
			defaultConfigurationName = Release;
		};
		1B749ABC1C96582D006119A4 /* Build configuration list for PBXNativeTarget "AventuraPrueba" */ = {
			isa = XCConfigurationList;
			buildConfigurations = (
				1B749ABD1C96582D006119A4 /* Debug */,
				1B749ABE1C96582D006119A4 /* Release */,
			);
			defaultConfigurationIsVisible = 0;
		};
/* End XCConfigurationList section */
	};
	rootObject = 1B749AAD1C96582D006119A4 /* Project object */;
}
