// !$*UTF8*$!
{
	archiveVersion = 1;
	classes = {
	};
	objectVersion = 46;
	objects = {

/* Begin PBXBuildFile section */
		1B7F7FE21CBC495C008BE2E6 /* main.cpp in Sources */ = {isa = PBXBuildFile; fileRef = 1B7F7FE11CBC495C008BE2E6 /* main.cpp */; };
		1B7F7FEA1CBC499C008BE2E6 /* GLUT.framework in Frameworks */ = {isa = PBXBuildFile; fileRef = 1B7F7FE81CBC499C008BE2E6 /* GLUT.framework */; };
		1B7F7FEB1CBC499C008BE2E6 /* OpenGL.framework in Frameworks */ = {isa = PBXBuildFile; fileRef = 1B7F7FE91CBC499C008BE2E6 /* OpenGL.framework */; };
		1B7F7FFC1CBC4A0D008BE2E6 /* glm_util.c in Sources */ = {isa = PBXBuildFile; fileRef = 1B7F7FF01CBC4A0D008BE2E6 /* glm_util.c */; };
		1B7F7FFD1CBC4A0D008BE2E6 /* glm.c in Sources */ = {isa = PBXBuildFile; fileRef = 1B7F7FF11CBC4A0D008BE2E6 /* glm.c */; };
		1B7F7FFE1CBC4A0D008BE2E6 /* glmimg_devil.c in Sources */ = {isa = PBXBuildFile; fileRef = 1B7F7FF31CBC4A0D008BE2E6 /* glmimg_devil.c */; };
		1B7F7FFF1CBC4A0D008BE2E6 /* glmimg_jpg.c in Sources */ = {isa = PBXBuildFile; fileRef = 1B7F7FF41CBC4A0D008BE2E6 /* glmimg_jpg.c */; };
		1B7F80001CBC4A0D008BE2E6 /* glmimg_png.c in Sources */ = {isa = PBXBuildFile; fileRef = 1B7F7FF51CBC4A0D008BE2E6 /* glmimg_png.c */; };
		1B7F80011CBC4A0D008BE2E6 /* glmimg_sdl.c in Sources */ = {isa = PBXBuildFile; fileRef = 1B7F7FF61CBC4A0D008BE2E6 /* glmimg_sdl.c */; };
		1B7F80021CBC4A0D008BE2E6 /* glmimg_sim.c in Sources */ = {isa = PBXBuildFile; fileRef = 1B7F7FF71CBC4A0D008BE2E6 /* glmimg_sim.c */; };
		1B7F80031CBC4A0D008BE2E6 /* glmimg.c in Sources */ = {isa = PBXBuildFile; fileRef = 1B7F7FF81CBC4A0D008BE2E6 /* glmimg.c */; };
		1B7F80041CBC4A0D008BE2E6 /* ImageLoader.cpp in Sources */ = {isa = PBXBuildFile; fileRef = 1B7F7FFA1CBC4A0D008BE2E6 /* ImageLoader.cpp */; };
/* End PBXBuildFile section */

/* Begin PBXCopyFilesBuildPhase section */
		1B7F7FDC1CBC495C008BE2E6 /* CopyFiles */ = {
			isa = PBXCopyFilesBuildPhase;
			buildActionMask = 2147483647;
			dstPath = /usr/share/man/man1/;
			dstSubfolderSpec = 0;
			files = (
			);
			runOnlyForDeploymentPostprocessing = 1;
		};
/* End PBXCopyFilesBuildPhase section */

/* Begin PBXFileReference section */
		1B7F7FDE1CBC495C008BE2E6 /* ModelTesting */ = {isa = PBXFileReference; explicitFileType = "compiled.mach-o.executable"; includeInIndex = 0; path = ModelTesting; sourceTree = BUILT_PRODUCTS_DIR; };
		1B7F7FE11CBC495C008BE2E6 /* main.cpp */ = {isa = PBXFileReference; lastKnownFileType = sourcecode.cpp.cpp; path = main.cpp; sourceTree = "<group>"; };
		1B7F7FE81CBC499C008BE2E6 /* GLUT.framework */ = {isa = PBXFileReference; lastKnownFileType = wrapper.framework; name = GLUT.framework; path = System/Library/Frameworks/GLUT.framework; sourceTree = SDKROOT; };
		1B7F7FE91CBC499C008BE2E6 /* OpenGL.framework */ = {isa = PBXFileReference; lastKnownFileType = wrapper.framework; name = OpenGL.framework; path = System/Library/Frameworks/OpenGL.framework; sourceTree = SDKROOT; };
		1B7F7FF01CBC4A0D008BE2E6 /* glm_util.c */ = {isa = PBXFileReference; fileEncoding = 4; lastKnownFileType = sourcecode.c.c; path = glm_util.c; sourceTree = "<group>"; };
		1B7F7FF11CBC4A0D008BE2E6 /* glm.c */ = {isa = PBXFileReference; fileEncoding = 4; lastKnownFileType = sourcecode.c.c; path = glm.c; sourceTree = "<group>"; };
		1B7F7FF21CBC4A0D008BE2E6 /* glm.h */ = {isa = PBXFileReference; fileEncoding = 4; lastKnownFileType = sourcecode.c.h; path = glm.h; sourceTree = "<group>"; };
		1B7F7FF31CBC4A0D008BE2E6 /* glmimg_devil.c */ = {isa = PBXFileReference; fileEncoding = 4; lastKnownFileType = sourcecode.c.c; path = glmimg_devil.c; sourceTree = "<group>"; };
		1B7F7FF41CBC4A0D008BE2E6 /* glmimg_jpg.c */ = {isa = PBXFileReference; fileEncoding = 4; lastKnownFileType = sourcecode.c.c; path = glmimg_jpg.c; sourceTree = "<group>"; };
		1B7F7FF51CBC4A0D008BE2E6 /* glmimg_png.c */ = {isa = PBXFileReference; fileEncoding = 4; lastKnownFileType = sourcecode.c.c; path = glmimg_png.c; sourceTree = "<group>"; };
		1B7F7FF61CBC4A0D008BE2E6 /* glmimg_sdl.c */ = {isa = PBXFileReference; fileEncoding = 4; lastKnownFileType = sourcecode.c.c; path = glmimg_sdl.c; sourceTree = "<group>"; };
		1B7F7FF71CBC4A0D008BE2E6 /* glmimg_sim.c */ = {isa = PBXFileReference; fileEncoding = 4; lastKnownFileType = sourcecode.c.c; path = glmimg_sim.c; sourceTree = "<group>"; };
		1B7F7FF81CBC4A0D008BE2E6 /* glmimg.c */ = {isa = PBXFileReference; fileEncoding = 4; lastKnownFileType = sourcecode.c.c; path = glmimg.c; sourceTree = "<group>"; };
		1B7F7FF91CBC4A0D008BE2E6 /* glmint.h */ = {isa = PBXFileReference; fileEncoding = 4; lastKnownFileType = sourcecode.c.h; path = glmint.h; sourceTree = "<group>"; };
		1B7F7FFA1CBC4A0D008BE2E6 /* ImageLoader.cpp */ = {isa = PBXFileReference; fileEncoding = 4; lastKnownFileType = sourcecode.cpp.cpp; path = ImageLoader.cpp; sourceTree = "<group>"; };
		1B7F7FFB1CBC4A0D008BE2E6 /* ImageLoader.hpp */ = {isa = PBXFileReference; fileEncoding = 4; lastKnownFileType = sourcecode.cpp.h; path = ImageLoader.hpp; sourceTree = "<group>"; };
		1B7F80081CBC5347008BE2E6 /* SpaceShip.mtl */ = {isa = PBXFileReference; lastKnownFileType = text; name = SpaceShip.mtl; path = objects/SpaceShip.mtl; sourceTree = "<group>"; };
		1B7F80091CBC5347008BE2E6 /* SpaceShip.obj */ = {isa = PBXFileReference; lastKnownFileType = text; name = SpaceShip.obj; path = objects/SpaceShip.obj; sourceTree = "<group>"; };
		1B7F800A1CBC5347008BE2E6 /* starwarsShip.mtl */ = {isa = PBXFileReference; lastKnownFileType = text; name = starwarsShip.mtl; path = objects/starwarsShip.mtl; sourceTree = "<group>"; };
		1B7F800B1CBC5347008BE2E6 /* starwarsShip.obj */ = {isa = PBXFileReference; lastKnownFileType = text; name = starwarsShip.obj; path = objects/starwarsShip.obj; sourceTree = "<group>"; };
/* End PBXFileReference section */

/* Begin PBXFrameworksBuildPhase section */
		1B7F7FDB1CBC495C008BE2E6 /* Frameworks */ = {
			isa = PBXFrameworksBuildPhase;
			buildActionMask = 2147483647;
			files = (
				1B7F7FEA1CBC499C008BE2E6 /* GLUT.framework in Frameworks */,
				1B7F7FEB1CBC499C008BE2E6 /* OpenGL.framework in Frameworks */,
			);
			runOnlyForDeploymentPostprocessing = 0;
		};
/* End PBXFrameworksBuildPhase section */

/* Begin PBXGroup section */
		1B7F7FD51CBC495C008BE2E6 = {
			isa = PBXGroup;
			children = (
				1B7F7FE81CBC499C008BE2E6 /* GLUT.framework */,
				1B7F7FE91CBC499C008BE2E6 /* OpenGL.framework */,
				1B7F7FE01CBC495C008BE2E6 /* ModelTesting */,
				1B7F7FDF1CBC495C008BE2E6 /* Products */,
			);
			sourceTree = "<group>";
		};
		1B7F7FDF1CBC495C008BE2E6 /* Products */ = {
			isa = PBXGroup;
			children = (
				1B7F7FDE1CBC495C008BE2E6 /* ModelTesting */,
			);
			name = Products;
			sourceTree = "<group>";
		};
		1B7F7FE01CBC495C008BE2E6 /* ModelTesting */ = {
			isa = PBXGroup;
			children = (
				1B7F7FEC1CBC4A04008BE2E6 /* glm */,
				1B7F7FE11CBC495C008BE2E6 /* main.cpp */,
				1B7F80051CBC5338008BE2E6 /* Objects */,
			);
			path = ModelTesting;
			sourceTree = "<group>";
		};
		1B7F7FEC1CBC4A04008BE2E6 /* glm */ = {
			isa = PBXGroup;
			children = (
				1B7F7FF01CBC4A0D008BE2E6 /* glm_util.c */,
				1B7F7FF11CBC4A0D008BE2E6 /* glm.c */,
				1B7F7FF21CBC4A0D008BE2E6 /* glm.h */,
				1B7F7FF31CBC4A0D008BE2E6 /* glmimg_devil.c */,
				1B7F7FF41CBC4A0D008BE2E6 /* glmimg_jpg.c */,
				1B7F7FF51CBC4A0D008BE2E6 /* glmimg_png.c */,
				1B7F7FF61CBC4A0D008BE2E6 /* glmimg_sdl.c */,
				1B7F7FF71CBC4A0D008BE2E6 /* glmimg_sim.c */,
				1B7F7FF81CBC4A0D008BE2E6 /* glmimg.c */,
				1B7F7FF91CBC4A0D008BE2E6 /* glmint.h */,
				1B7F7FFA1CBC4A0D008BE2E6 /* ImageLoader.cpp */,
				1B7F7FFB1CBC4A0D008BE2E6 /* ImageLoader.hpp */,
				1B7F7FED1CBC4A04008BE2E6 /* detail */,
				1B7F7FEE1CBC4A04008BE2E6 /* gtc */,
				1B7F7FEF1CBC4A04008BE2E6 /* gtx */,
			);
			path = glm;
			sourceTree = "<group>";
		};
		1B7F7FED1CBC4A04008BE2E6 /* detail */ = {
			isa = PBXGroup;
			children = (
			);
			path = detail;
			sourceTree = "<group>";
		};
		1B7F7FEE1CBC4A04008BE2E6 /* gtc */ = {
			isa = PBXGroup;
			children = (
			);
			path = gtc;
			sourceTree = "<group>";
		};
		1B7F7FEF1CBC4A04008BE2E6 /* gtx */ = {
			isa = PBXGroup;
			children = (
			);
			path = gtx;
			sourceTree = "<group>";
		};
		1B7F80051CBC5338008BE2E6 /* Objects */ = {
			isa = PBXGroup;
			children = (
				1B7F80081CBC5347008BE2E6 /* SpaceShip.mtl */,
				1B7F80091CBC5347008BE2E6 /* SpaceShip.obj */,
				1B7F800A1CBC5347008BE2E6 /* starwarsShip.mtl */,
				1B7F800B1CBC5347008BE2E6 /* starwarsShip.obj */,
			);
			name = Objects;
			sourceTree = "<group>";
		};
/* End PBXGroup section */

/* Begin PBXNativeTarget section */
		1B7F7FDD1CBC495C008BE2E6 /* ModelTesting */ = {
			isa = PBXNativeTarget;
			buildConfigurationList = 1B7F7FE51CBC495C008BE2E6 /* Build configuration list for PBXNativeTarget "ModelTesting" */;
			buildPhases = (
				1B7F7FDA1CBC495C008BE2E6 /* Sources */,
				1B7F7FDB1CBC495C008BE2E6 /* Frameworks */,
				1B7F7FDC1CBC495C008BE2E6 /* CopyFiles */,
			);
			buildRules = (
			);
			dependencies = (
			);
			name = ModelTesting;
			productName = ModelTesting;
			productReference = 1B7F7FDE1CBC495C008BE2E6 /* ModelTesting */;
			productType = "com.apple.product-type.tool";
		};
/* End PBXNativeTarget section */

/* Begin PBXProject section */
		1B7F7FD61CBC495C008BE2E6 /* Project object */ = {
			isa = PBXProject;
			attributes = {
				LastUpgradeCheck = 0710;
				ORGANIZATIONNAME = Enrique;
				TargetAttributes = {
					1B7F7FDD1CBC495C008BE2E6 = {
						CreatedOnToolsVersion = 7.1.1;
					};
				};
			};
			buildConfigurationList = 1B7F7FD91CBC495C008BE2E6 /* Build configuration list for PBXProject "ModelTesting" */;
			compatibilityVersion = "Xcode 3.2";
			developmentRegion = English;
			hasScannedForEncodings = 0;
			knownRegions = (
				en,
			);
			mainGroup = 1B7F7FD51CBC495C008BE2E6;
			productRefGroup = 1B7F7FDF1CBC495C008BE2E6 /* Products */;
			projectDirPath = "";
			projectRoot = "";
			targets = (
				1B7F7FDD1CBC495C008BE2E6 /* ModelTesting */,
			);
		};
/* End PBXProject section */

/* Begin PBXSourcesBuildPhase section */
		1B7F7FDA1CBC495C008BE2E6 /* Sources */ = {
			isa = PBXSourcesBuildPhase;
			buildActionMask = 2147483647;
			files = (
				1B7F7FFD1CBC4A0D008BE2E6 /* glm.c in Sources */,
				1B7F7FFC1CBC4A0D008BE2E6 /* glm_util.c in Sources */,
				1B7F80041CBC4A0D008BE2E6 /* ImageLoader.cpp in Sources */,
				1B7F80031CBC4A0D008BE2E6 /* glmimg.c in Sources */,
				1B7F80021CBC4A0D008BE2E6 /* glmimg_sim.c in Sources */,
				1B7F80001CBC4A0D008BE2E6 /* glmimg_png.c in Sources */,
				1B7F7FE21CBC495C008BE2E6 /* main.cpp in Sources */,
				1B7F80011CBC4A0D008BE2E6 /* glmimg_sdl.c in Sources */,
				1B7F7FFF1CBC4A0D008BE2E6 /* glmimg_jpg.c in Sources */,
				1B7F7FFE1CBC4A0D008BE2E6 /* glmimg_devil.c in Sources */,
			);
			runOnlyForDeploymentPostprocessing = 0;
		};
/* End PBXSourcesBuildPhase section */

/* Begin XCBuildConfiguration section */
		1B7F7FE31CBC495C008BE2E6 /* Debug */ = {
			isa = XCBuildConfiguration;
			buildSettings = {
				ALWAYS_SEARCH_USER_PATHS = NO;
				CLANG_CXX_LANGUAGE_STANDARD = "gnu++0x";
				CLANG_CXX_LIBRARY = "libc++";
				CLANG_ENABLE_MODULES = YES;
				CLANG_ENABLE_OBJC_ARC = YES;
				CLANG_WARN_BOOL_CONVERSION = YES;
				CLANG_WARN_CONSTANT_CONVERSION = YES;
				CLANG_WARN_DIRECT_OBJC_ISA_USAGE = YES_ERROR;
				CLANG_WARN_EMPTY_BODY = YES;
				CLANG_WARN_ENUM_CONVERSION = YES;
				CLANG_WARN_INT_CONVERSION = YES;
				CLANG_WARN_OBJC_ROOT_CLASS = YES_ERROR;
				CLANG_WARN_UNREACHABLE_CODE = YES;
				CLANG_WARN__DUPLICATE_METHOD_MATCH = YES;
				CODE_SIGN_IDENTITY = "-";
				COPY_PHASE_STRIP = NO;
				DEBUG_INFORMATION_FORMAT = dwarf;
				ENABLE_STRICT_OBJC_MSGSEND = YES;
				ENABLE_TESTABILITY = YES;
				GCC_C_LANGUAGE_STANDARD = gnu99;
				GCC_DYNAMIC_NO_PIC = NO;
				GCC_NO_COMMON_BLOCKS = YES;
				GCC_OPTIMIZATION_LEVEL = 0;
				GCC_PREPROCESSOR_DEFINITIONS = (
					"DEBUG=1",
					"$(inherited)",
				);
				GCC_WARN_64_TO_32_BIT_CONVERSION = YES;
				GCC_WARN_ABOUT_RETURN_TYPE = YES_ERROR;
				GCC_WARN_UNDECLARED_SELECTOR = YES;
				GCC_WARN_UNINITIALIZED_AUTOS = YES_AGGRESSIVE;
				GCC_WARN_UNUSED_FUNCTION = YES;
				GCC_WARN_UNUSED_VARIABLE = YES;
				MACOSX_DEPLOYMENT_TARGET = 10.11;
				MTL_ENABLE_DEBUG_INFO = YES;
				ONLY_ACTIVE_ARCH = YES;
				SDKROOT = macosx;
			};
			name = Debug;
		};
		1B7F7FE41CBC495C008BE2E6 /* Release */ = {
			isa = XCBuildConfiguration;
			buildSettings = {
				ALWAYS_SEARCH_USER_PATHS = NO;
				CLANG_CXX_LANGUAGE_STANDARD = "gnu++0x";
				CLANG_CXX_LIBRARY = "libc++";
				CLANG_ENABLE_MODULES = YES;
				CLANG_ENABLE_OBJC_ARC = YES;
				CLANG_WARN_BOOL_CONVERSION = YES;
				CLANG_WARN_CONSTANT_CONVERSION = YES;
				CLANG_WARN_DIRECT_OBJC_ISA_USAGE = YES_ERROR;
				CLANG_WARN_EMPTY_BODY = YES;
				CLANG_WARN_ENUM_CONVERSION = YES;
				CLANG_WARN_INT_CONVERSION = YES;
				CLANG_WARN_OBJC_ROOT_CLASS = YES_ERROR;
				CLANG_WARN_UNREACHABLE_CODE = YES;
				CLANG_WARN__DUPLICATE_METHOD_MATCH = YES;
				CODE_SIGN_IDENTITY = "-";
				COPY_PHASE_STRIP = NO;
				DEBUG_INFORMATION_FORMAT = "dwarf-with-dsym";
				ENABLE_NS_ASSERTIONS = NO;
				ENABLE_STRICT_OBJC_MSGSEND = YES;
				GCC_C_LANGUAGE_STANDARD = gnu99;
				GCC_NO_COMMON_BLOCKS = YES;
				GCC_WARN_64_TO_32_BIT_CONVERSION = YES;
				GCC_WARN_ABOUT_RETURN_TYPE = YES_ERROR;
				GCC_WARN_UNDECLARED_SELECTOR = YES;
				GCC_WARN_UNINITIALIZED_AUTOS = YES_AGGRESSIVE;
				GCC_WARN_UNUSED_FUNCTION = YES;
				GCC_WARN_UNUSED_VARIABLE = YES;
				MACOSX_DEPLOYMENT_TARGET = 10.11;
				MTL_ENABLE_DEBUG_INFO = NO;
				SDKROOT = macosx;
			};
			name = Release;
		};
		1B7F7FE61CBC495C008BE2E6 /* Debug */ = {
			isa = XCBuildConfiguration;
			buildSettings = {
				PRODUCT_NAME = "$(TARGET_NAME)";
			};
			name = Debug;
		};
		1B7F7FE71CBC495C008BE2E6 /* Release */ = {
			isa = XCBuildConfiguration;
			buildSettings = {
				PRODUCT_NAME = "$(TARGET_NAME)";
			};
			name = Release;
		};
/* End XCBuildConfiguration section */

/* Begin XCConfigurationList section */
		1B7F7FD91CBC495C008BE2E6 /* Build configuration list for PBXProject "ModelTesting" */ = {
			isa = XCConfigurationList;
			buildConfigurations = (
				1B7F7FE31CBC495C008BE2E6 /* Debug */,
				1B7F7FE41CBC495C008BE2E6 /* Release */,
			);
			defaultConfigurationIsVisible = 0;
			defaultConfigurationName = Release;
		};
		1B7F7FE51CBC495C008BE2E6 /* Build configuration list for PBXNativeTarget "ModelTesting" */ = {
			isa = XCConfigurationList;
			buildConfigurations = (
				1B7F7FE61CBC495C008BE2E6 /* Debug */,
				1B7F7FE71CBC495C008BE2E6 /* Release */,
			);
			defaultConfigurationIsVisible = 0;
		};
/* End XCConfigurationList section */
	};
	rootObject = 1B7F7FD61CBC495C008BE2E6 /* Project object */;
}
