// !$*UTF8*$!
{
	archiveVersion = 1;
	classes = {
	};
	objectVersion = 46;
	objects = {

/* Begin PBXBuildFile section */
		1B749A9C1C96528D006119A4 /* main.cpp in Sources */ = {isa = PBXBuildFile; fileRef = 1B749A9B1C96528D006119A4 /* main.cpp */; };
		1B749AA41C9652A2006119A4 /* GLUT.framework in Frameworks */ = {isa = PBXBuildFile; fileRef = 1B749AA21C9652A2006119A4 /* GLUT.framework */; };
		1B749AA51C9652A2006119A4 /* OpenGL.framework in Frameworks */ = {isa = PBXBuildFile; fileRef = 1B749AA31C9652A2006119A4 /* OpenGL.framework */; };
		1B749AAA1C96533C006119A4 /* landscape.cpp in Sources */ = {isa = PBXBuildFile; fileRef = 1B749AA91C96533C006119A4 /* landscape.cpp */; };
/* End PBXBuildFile section */

/* Begin PBXCopyFilesBuildPhase section */
		1B749A961C96528D006119A4 /* CopyFiles */ = {
			isa = PBXCopyFilesBuildPhase;
			buildActionMask = 2147483647;
			dstPath = /usr/share/man/man1/;
			dstSubfolderSpec = 0;
			files = (
			);
			runOnlyForDeploymentPostprocessing = 1;
		};
/* End PBXCopyFilesBuildPhase section */

/* Begin PBXFileReference section */
		1B749A981C96528D006119A4 /* flightSimulator */ = {isa = PBXFileReference; explicitFileType = "compiled.mach-o.executable"; includeInIndex = 0; path = flightSimulator; sourceTree = BUILT_PRODUCTS_DIR; };
		1B749A9B1C96528D006119A4 /* main.cpp */ = {isa = PBXFileReference; lastKnownFileType = sourcecode.cpp.cpp; path = main.cpp; sourceTree = "<group>"; };
		1B749AA21C9652A2006119A4 /* GLUT.framework */ = {isa = PBXFileReference; lastKnownFileType = wrapper.framework; name = GLUT.framework; path = System/Library/Frameworks/GLUT.framework; sourceTree = SDKROOT; };
		1B749AA31C9652A2006119A4 /* OpenGL.framework */ = {isa = PBXFileReference; lastKnownFileType = wrapper.framework; name = OpenGL.framework; path = System/Library/Frameworks/OpenGL.framework; sourceTree = SDKROOT; };
		1B749AA61C9652D7006119A4 /* geometry.h */ = {isa = PBXFileReference; lastKnownFileType = sourcecode.c.h; path = geometry.h; sourceTree = "<group>"; };
		1B749AA71C9652FD006119A4 /* ship.h */ = {isa = PBXFileReference; lastKnownFileType = sourcecode.c.h; path = ship.h; sourceTree = "<group>"; };
		1B749AA81C965318006119A4 /* landscape.h */ = {isa = PBXFileReference; lastKnownFileType = sourcecode.c.h; path = landscape.h; sourceTree = "<group>"; };
		1B749AA91C96533C006119A4 /* landscape.cpp */ = {isa = PBXFileReference; fileEncoding = 4; lastKnownFileType = sourcecode.cpp.cpp; path = landscape.cpp; sourceTree = "<group>"; };
		1B749AAB1C96535F006119A4 /* cockpit.h */ = {isa = PBXFileReference; lastKnownFileType = sourcecode.c.h; path = cockpit.h; sourceTree = "<group>"; };
/* End PBXFileReference section */

/* Begin PBXFrameworksBuildPhase section */
		1B749A951C96528D006119A4 /* Frameworks */ = {
			isa = PBXFrameworksBuildPhase;
			buildActionMask = 2147483647;
			files = (
				1B749AA41C9652A2006119A4 /* GLUT.framework in Frameworks */,
				1B749AA51C9652A2006119A4 /* OpenGL.framework in Frameworks */,
			);
			runOnlyForDeploymentPostprocessing = 0;
		};
/* End PBXFrameworksBuildPhase section */

/* Begin PBXGroup section */
		1B749A8F1C96528D006119A4 = {
			isa = PBXGroup;
			children = (
				1B749AA21C9652A2006119A4 /* GLUT.framework */,
				1B749AA31C9652A2006119A4 /* OpenGL.framework */,
				1B749A9A1C96528D006119A4 /* flightSimulator */,
				1B749A991C96528D006119A4 /* Products */,
			);
			sourceTree = "<group>";
		};
		1B749A991C96528D006119A4 /* Products */ = {
			isa = PBXGroup;
			children = (
				1B749A981C96528D006119A4 /* flightSimulator */,
			);
			name = Products;
			sourceTree = "<group>";
		};
		1B749A9A1C96528D006119A4 /* flightSimulator */ = {
			isa = PBXGroup;
			children = (
				1B749A9B1C96528D006119A4 /* main.cpp */,
				1B749AA61C9652D7006119A4 /* geometry.h */,
				1B749AA71C9652FD006119A4 /* ship.h */,
				1B749AA81C965318006119A4 /* landscape.h */,
				1B749AAB1C96535F006119A4 /* cockpit.h */,
				1B749AA91C96533C006119A4 /* landscape.cpp */,
			);
			path = flightSimulator;
			sourceTree = "<group>";
		};
/* End PBXGroup section */

/* Begin PBXNativeTarget section */
		1B749A971C96528D006119A4 /* flightSimulator */ = {
			isa = PBXNativeTarget;
			buildConfigurationList = 1B749A9F1C96528D006119A4 /* Build configuration list for PBXNativeTarget "flightSimulator" */;
			buildPhases = (
				1B749A941C96528D006119A4 /* Sources */,
				1B749A951C96528D006119A4 /* Frameworks */,
				1B749A961C96528D006119A4 /* CopyFiles */,
			);
			buildRules = (
			);
			dependencies = (
			);
			name = flightSimulator;
			productName = flightSimulator;
			productReference = 1B749A981C96528D006119A4 /* flightSimulator */;
			productType = "com.apple.product-type.tool";
		};
/* End PBXNativeTarget section */

/* Begin PBXProject section */
		1B749A901C96528D006119A4 /* Project object */ = {
			isa = PBXProject;
			attributes = {
				LastUpgradeCheck = 0710;
				ORGANIZATIONNAME = Enrique;
				TargetAttributes = {
					1B749A971C96528D006119A4 = {
						CreatedOnToolsVersion = 7.1.1;
					};
				};
			};
			buildConfigurationList = 1B749A931C96528D006119A4 /* Build configuration list for PBXProject "flightSimulator" */;
			compatibilityVersion = "Xcode 3.2";
			developmentRegion = English;
			hasScannedForEncodings = 0;
			knownRegions = (
				en,
			);
			mainGroup = 1B749A8F1C96528D006119A4;
			productRefGroup = 1B749A991C96528D006119A4 /* Products */;
			projectDirPath = "";
			projectRoot = "";
			targets = (
				1B749A971C96528D006119A4 /* flightSimulator */,
			);
		};
/* End PBXProject section */

/* Begin PBXSourcesBuildPhase section */
		1B749A941C96528D006119A4 /* Sources */ = {
			isa = PBXSourcesBuildPhase;
			buildActionMask = 2147483647;
			files = (
				1B749A9C1C96528D006119A4 /* main.cpp in Sources */,
				1B749AAA1C96533C006119A4 /* landscape.cpp in Sources */,
			);
			runOnlyForDeploymentPostprocessing = 0;
		};
/* End PBXSourcesBuildPhase section */

/* Begin XCBuildConfiguration section */
		1B749A9D1C96528D006119A4 /* Debug */ = {
			isa = XCBuildConfiguration;
			buildSettings = {
				ALWAYS_SEARCH_USER_PATHS = NO;
				CLANG_CXX_LANGUAGE_STANDARD = "gnu++0x";
				CLANG_CXX_LIBRARY = "libc++";
				CLANG_ENABLE_MODULES = YES;
				CLANG_ENABLE_OBJC_ARC = YES;
				CLANG_WARN_BOOL_CONVERSION = YES;
				CLANG_WARN_CONSTANT_CONVERSION = YES;
				CLANG_WARN_DIRECT_OBJC_ISA_USAGE = YES_ERROR;
				CLANG_WARN_EMPTY_BODY = YES;
				CLANG_WARN_ENUM_CONVERSION = YES;
				CLANG_WARN_INT_CONVERSION = YES;
				CLANG_WARN_OBJC_ROOT_CLASS = YES_ERROR;
				CLANG_WARN_UNREACHABLE_CODE = YES;
				CLANG_WARN__DUPLICATE_METHOD_MATCH = YES;
				CODE_SIGN_IDENTITY = "-";
				COPY_PHASE_STRIP = NO;
				DEBUG_INFORMATION_FORMAT = dwarf;
				ENABLE_STRICT_OBJC_MSGSEND = YES;
				ENABLE_TESTABILITY = YES;
				GCC_C_LANGUAGE_STANDARD = gnu99;
				GCC_DYNAMIC_NO_PIC = NO;
				GCC_NO_COMMON_BLOCKS = YES;
				GCC_OPTIMIZATION_LEVEL = 0;
				GCC_PREPROCESSOR_DEFINITIONS = (
					"DEBUG=1",
					"$(inherited)",
				);
				GCC_WARN_64_TO_32_BIT_CONVERSION = YES;
				GCC_WARN_ABOUT_RETURN_TYPE = YES_ERROR;
				GCC_WARN_UNDECLARED_SELECTOR = YES;
				GCC_WARN_UNINITIALIZED_AUTOS = YES_AGGRESSIVE;
				GCC_WARN_UNUSED_FUNCTION = YES;
				GCC_WARN_UNUSED_VARIABLE = YES;
				MACOSX_DEPLOYMENT_TARGET = 10.11;
				MTL_ENABLE_DEBUG_INFO = YES;
				ONLY_ACTIVE_ARCH = YES;
				SDKROOT = macosx;
			};
			name = Debug;
		};
		1B749A9E1C96528D006119A4 /* Release */ = {
			isa = XCBuildConfiguration;
			buildSettings = {
				ALWAYS_SEARCH_USER_PATHS = NO;
				CLANG_CXX_LANGUAGE_STANDARD = "gnu++0x";
				CLANG_CXX_LIBRARY = "libc++";
				CLANG_ENABLE_MODULES = YES;
				CLANG_ENABLE_OBJC_ARC = YES;
				CLANG_WARN_BOOL_CONVERSION = YES;
				CLANG_WARN_CONSTANT_CONVERSION = YES;
				CLANG_WARN_DIRECT_OBJC_ISA_USAGE = YES_ERROR;
				CLANG_WARN_EMPTY_BODY = YES;
				CLANG_WARN_ENUM_CONVERSION = YES;
				CLANG_WARN_INT_CONVERSION = YES;
				CLANG_WARN_OBJC_ROOT_CLASS = YES_ERROR;
				CLANG_WARN_UNREACHABLE_CODE = YES;
				CLANG_WARN__DUPLICATE_METHOD_MATCH = YES;
				CODE_SIGN_IDENTITY = "-";
				COPY_PHASE_STRIP = NO;
				DEBUG_INFORMATION_FORMAT = "dwarf-with-dsym";
				ENABLE_NS_ASSERTIONS = NO;
				ENABLE_STRICT_OBJC_MSGSEND = YES;
				GCC_C_LANGUAGE_STANDARD = gnu99;
				GCC_NO_COMMON_BLOCKS = YES;
				GCC_WARN_64_TO_32_BIT_CONVERSION = YES;
				GCC_WARN_ABOUT_RETURN_TYPE = YES_ERROR;
				GCC_WARN_UNDECLARED_SELECTOR = YES;
				GCC_WARN_UNINITIALIZED_AUTOS = YES_AGGRESSIVE;
				GCC_WARN_UNUSED_FUNCTION = YES;
				GCC_WARN_UNUSED_VARIABLE = YES;
				MACOSX_DEPLOYMENT_TARGET = 10.11;
				MTL_ENABLE_DEBUG_INFO = NO;
				SDKROOT = macosx;
			};
			name = Release;
		};
		1B749AA01C96528D006119A4 /* Debug */ = {
			isa = XCBuildConfiguration;
			buildSettings = {
				PRODUCT_NAME = "$(TARGET_NAME)";
			};
			name = Debug;
		};
		1B749AA11C96528D006119A4 /* Release */ = {
			isa = XCBuildConfiguration;
			buildSettings = {
				PRODUCT_NAME = "$(TARGET_NAME)";
			};
			name = Release;
		};
/* End XCBuildConfiguration section */

/* Begin XCConfigurationList section */
		1B749A931C96528D006119A4 /* Build configuration list for PBXProject "flightSimulator" */ = {
			isa = XCConfigurationList;
			buildConfigurations = (
				1B749A9D1C96528D006119A4 /* Debug */,
				1B749A9E1C96528D006119A4 /* Release */,
			);
			defaultConfigurationIsVisible = 0;
			defaultConfigurationName = Release;
		};
		1B749A9F1C96528D006119A4 /* Build configuration list for PBXNativeTarget "flightSimulator" */ = {
			isa = XCConfigurationList;
			buildConfigurations = (
				1B749AA01C96528D006119A4 /* Debug */,
				1B749AA11C96528D006119A4 /* Release */,
			);
			defaultConfigurationIsVisible = 0;
		};
/* End XCConfigurationList section */
	};
	rootObject = 1B749A901C96528D006119A4 /* Project object */;
}
