// !$*UTF8*$!
{
	archiveVersion = 1;
	classes = {
	};
	objectVersion = 46;
	objects = {

/* Begin PBXBuildFile section */
		1B749A851C963DFD006119A4 /* main.cpp in Sources */ = {isa = PBXBuildFile; fileRef = 1B749A841C963DFD006119A4 /* main.cpp */; };
		1B749A8D1C963E26006119A4 /* GLUT.framework in Frameworks */ = {isa = PBXBuildFile; fileRef = 1B749A8B1C963E26006119A4 /* GLUT.framework */; };
		1B749A8E1C963E26006119A4 /* OpenGL.framework in Frameworks */ = {isa = PBXBuildFile; fileRef = 1B749A8C1C963E26006119A4 /* OpenGL.framework */; };
/* End PBXBuildFile section */

/* Begin PBXCopyFilesBuildPhase section */
		1B749A7F1C963DFD006119A4 /* CopyFiles */ = {
			isa = PBXCopyFilesBuildPhase;
			buildActionMask = 2147483647;
			dstPath = /usr/share/man/man1/;
			dstSubfolderSpec = 0;
			files = (
			);
			runOnlyForDeploymentPostprocessing = 1;
		};
/* End PBXCopyFilesBuildPhase section */

/* Begin PBXFileReference section */
		1B749A811C963DFD006119A4 /* AventuraEnContraDeLasAdicciones */ = {isa = PBXFileReference; explicitFileType = "compiled.mach-o.executable"; includeInIndex = 0; path = AventuraEnContraDeLasAdicciones; sourceTree = BUILT_PRODUCTS_DIR; };
		1B749A841C963DFD006119A4 /* main.cpp */ = {isa = PBXFileReference; lastKnownFileType = sourcecode.cpp.cpp; path = main.cpp; sourceTree = "<group>"; };
		1B749A8B1C963E26006119A4 /* GLUT.framework */ = {isa = PBXFileReference; lastKnownFileType = wrapper.framework; name = GLUT.framework; path = System/Library/Frameworks/GLUT.framework; sourceTree = SDKROOT; };
		1B749A8C1C963E26006119A4 /* OpenGL.framework */ = {isa = PBXFileReference; lastKnownFileType = wrapper.framework; name = OpenGL.framework; path = System/Library/Frameworks/OpenGL.framework; sourceTree = SDKROOT; };
/* End PBXFileReference section */

/* Begin PBXFrameworksBuildPhase section */
		1B749A7E1C963DFD006119A4 /* Frameworks */ = {
			isa = PBXFrameworksBuildPhase;
			buildActionMask = 2147483647;
			files = (
				1B749A8D1C963E26006119A4 /* GLUT.framework in Frameworks */,
				1B749A8E1C963E26006119A4 /* OpenGL.framework in Frameworks */,
			);
			runOnlyForDeploymentPostprocessing = 0;
		};
/* End PBXFrameworksBuildPhase section */

/* Begin PBXGroup section */
		1B749A781C963DFD006119A4 = {
			isa = PBXGroup;
			children = (
				1B749A8B1C963E26006119A4 /* GLUT.framework */,
				1B749A8C1C963E26006119A4 /* OpenGL.framework */,
				1B749A831C963DFD006119A4 /* AventuraEnContraDeLasAdicciones */,
				1B749A821C963DFD006119A4 /* Products */,
			);
			sourceTree = "<group>";
		};
		1B749A821C963DFD006119A4 /* Products */ = {
			isa = PBXGroup;
			children = (
				1B749A811C963DFD006119A4 /* AventuraEnContraDeLasAdicciones */,
			);
			name = Products;
			sourceTree = "<group>";
		};
		1B749A831C963DFD006119A4 /* AventuraEnContraDeLasAdicciones */ = {
			isa = PBXGroup;
			children = (
				1B749A841C963DFD006119A4 /* main.cpp */,
			);
			path = AventuraEnContraDeLasAdicciones;
			sourceTree = "<group>";
		};
/* End PBXGroup section */

/* Begin PBXNativeTarget section */
		1B749A801C963DFD006119A4 /* AventuraEnContraDeLasAdicciones */ = {
			isa = PBXNativeTarget;
			buildConfigurationList = 1B749A881C963DFD006119A4 /* Build configuration list for PBXNativeTarget "AventuraEnContraDeLasAdicciones" */;
			buildPhases = (
				1B749A7D1C963DFD006119A4 /* Sources */,
				1B749A7E1C963DFD006119A4 /* Frameworks */,
				1B749A7F1C963DFD006119A4 /* CopyFiles */,
			);
			buildRules = (
			);
			dependencies = (
			);
			name = AventuraEnContraDeLasAdicciones;
			productName = AventuraEnContraDeLasAdicciones;
			productReference = 1B749A811C963DFD006119A4 /* AventuraEnContraDeLasAdicciones */;
			productType = "com.apple.product-type.tool";
		};
/* End PBXNativeTarget section */

/* Begin PBXProject section */
		1B749A791C963DFD006119A4 /* Project object */ = {
			isa = PBXProject;
			attributes = {
				LastUpgradeCheck = 0710;
				ORGANIZATIONNAME = Enrique;
				TargetAttributes = {
					1B749A801C963DFD006119A4 = {
						CreatedOnToolsVersion = 7.1.1;
					};
				};
			};
			buildConfigurationList = 1B749A7C1C963DFD006119A4 /* Build configuration list for PBXProject "AventuraEnContraDeLasAdicciones" */;
			compatibilityVersion = "Xcode 3.2";
			developmentRegion = English;
			hasScannedForEncodings = 0;
			knownRegions = (
				en,
			);
			mainGroup = 1B749A781C963DFD006119A4;
			productRefGroup = 1B749A821C963DFD006119A4 /* Products */;
			projectDirPath = "";
			projectRoot = "";
			targets = (
				1B749A801C963DFD006119A4 /* AventuraEnContraDeLasAdicciones */,
			);
		};
/* End PBXProject section */

/* Begin PBXSourcesBuildPhase section */
		1B749A7D1C963DFD006119A4 /* Sources */ = {
			isa = PBXSourcesBuildPhase;
			buildActionMask = 2147483647;
			files = (
				1B749A851C963DFD006119A4 /* main.cpp in Sources */,
			);
			runOnlyForDeploymentPostprocessing = 0;
		};
/* End PBXSourcesBuildPhase section */

/* Begin XCBuildConfiguration section */
		1B749A861C963DFD006119A4 /* Debug */ = {
			isa = XCBuildConfiguration;
			buildSettings = {
				ALWAYS_SEARCH_USER_PATHS = NO;
				CLANG_CXX_LANGUAGE_STANDARD = "gnu++0x";
				CLANG_CXX_LIBRARY = "libc++";
				CLANG_ENABLE_MODULES = YES;
				CLANG_ENABLE_OBJC_ARC = YES;
				CLANG_WARN_BOOL_CONVERSION = YES;
				CLANG_WARN_CONSTANT_CONVERSION = YES;
				CLANG_WARN_DIRECT_OBJC_ISA_USAGE = YES_ERROR;
				CLANG_WARN_EMPTY_BODY = YES;
				CLANG_WARN_ENUM_CONVERSION = YES;
				CLANG_WARN_INT_CONVERSION = YES;
				CLANG_WARN_OBJC_ROOT_CLASS = YES_ERROR;
				CLANG_WARN_UNREACHABLE_CODE = YES;
				CLANG_WARN__DUPLICATE_METHOD_MATCH = YES;
				CODE_SIGN_IDENTITY = "-";
				COPY_PHASE_STRIP = NO;
				DEBUG_INFORMATION_FORMAT = dwarf;
				ENABLE_STRICT_OBJC_MSGSEND = YES;
				ENABLE_TESTABILITY = YES;
				GCC_C_LANGUAGE_STANDARD = gnu99;
				GCC_DYNAMIC_NO_PIC = NO;
				GCC_NO_COMMON_BLOCKS = YES;
				GCC_OPTIMIZATION_LEVEL = 0;
				GCC_PREPROCESSOR_DEFINITIONS = (
					"DEBUG=1",
					"$(inherited)",
				);
				GCC_WARN_64_TO_32_BIT_CONVERSION = YES;
				GCC_WARN_ABOUT_RETURN_TYPE = YES_ERROR;
				GCC_WARN_UNDECLARED_SELECTOR = YES;
				GCC_WARN_UNINITIALIZED_AUTOS = YES_AGGRESSIVE;
				GCC_WARN_UNUSED_FUNCTION = YES;
				GCC_WARN_UNUSED_VARIABLE = YES;
				MACOSX_DEPLOYMENT_TARGET = 10.11;
				MTL_ENABLE_DEBUG_INFO = YES;
				ONLY_ACTIVE_ARCH = YES;
				SDKROOT = macosx;
			};
			name = Debug;
		};
		1B749A871C963DFD006119A4 /* Release */ = {
			isa = XCBuildConfiguration;
			buildSettings = {
				ALWAYS_SEARCH_USER_PATHS = NO;
				CLANG_CXX_LANGUAGE_STANDARD = "gnu++0x";
				CLANG_CXX_LIBRARY = "libc++";
				CLANG_ENABLE_MODULES = YES;
				CLANG_ENABLE_OBJC_ARC = YES;
				CLANG_WARN_BOOL_CONVERSION = YES;
				CLANG_WARN_CONSTANT_CONVERSION = YES;
				CLANG_WARN_DIRECT_OBJC_ISA_USAGE = YES_ERROR;
				CLANG_WARN_EMPTY_BODY = YES;
				CLANG_WARN_ENUM_CONVERSION = YES;
				CLANG_WARN_INT_CONVERSION = YES;
				CLANG_WARN_OBJC_ROOT_CLASS = YES_ERROR;
				CLANG_WARN_UNREACHABLE_CODE = YES;
				CLANG_WARN__DUPLICATE_METHOD_MATCH = YES;
				CODE_SIGN_IDENTITY = "-";
				COPY_PHASE_STRIP = NO;
				DEBUG_INFORMATION_FORMAT = "dwarf-with-dsym";
				ENABLE_NS_ASSERTIONS = NO;
				ENABLE_STRICT_OBJC_MSGSEND = YES;
				GCC_C_LANGUAGE_STANDARD = gnu99;
				GCC_NO_COMMON_BLOCKS = YES;
				GCC_WARN_64_TO_32_BIT_CONVERSION = YES;
				GCC_WARN_ABOUT_RETURN_TYPE = YES_ERROR;
				GCC_WARN_UNDECLARED_SELECTOR = YES;
				GCC_WARN_UNINITIALIZED_AUTOS = YES_AGGRESSIVE;
				GCC_WARN_UNUSED_FUNCTION = YES;
				GCC_WARN_UNUSED_VARIABLE = YES;
				MACOSX_DEPLOYMENT_TARGET = 10.11;
				MTL_ENABLE_DEBUG_INFO = NO;
				SDKROOT = macosx;
			};
			name = Release;
		};
		1B749A891C963DFD006119A4 /* Debug */ = {
			isa = XCBuildConfiguration;
			buildSettings = {
				PRODUCT_NAME = "$(TARGET_NAME)";
			};
			name = Debug;
		};
		1B749A8A1C963DFD006119A4 /* Release */ = {
			isa = XCBuildConfiguration;
			buildSettings = {
				PRODUCT_NAME = "$(TARGET_NAME)";
			};
			name = Release;
		};
/* End XCBuildConfiguration section */

/* Begin XCConfigurationList section */
		1B749A7C1C963DFD006119A4 /* Build configuration list for PBXProject "AventuraEnContraDeLasAdicciones" */ = {
			isa = XCConfigurationList;
			buildConfigurations = (
				1B749A861C963DFD006119A4 /* Debug */,
				1B749A871C963DFD006119A4 /* Release */,
			);
			defaultConfigurationIsVisible = 0;
			defaultConfigurationName = Release;
		};
		1B749A881C963DFD006119A4 /* Build configuration list for PBXNativeTarget "AventuraEnContraDeLasAdicciones" */ = {
			isa = XCConfigurationList;
			buildConfigurations = (
				1B749A891C963DFD006119A4 /* Debug */,
				1B749A8A1C963DFD006119A4 /* Release */,
			);
			defaultConfigurationIsVisible = 0;
		};
/* End XCConfigurationList section */
	};
	rootObject = 1B749A791C963DFD006119A4 /* Project object */;
}
